
Microsoft Visual Studio Solution File, Format Version 12.00
# Visual Studio 2012
Project("{FAE04EC0-301F-11D3-BF4B-00C04F79EFBC}") = "RTARepository.Test", "RedTubeAPI.NET.Repository.Test\RTARepository.Test.csproj", "{82905B5F-1080-4A5A-BAC7-02C4165AA836}"
EndProject
Project("{FAE04EC0-301F-11D3-BF4B-00C04F79EFBC}") = "RTARepository", "RedTubeAPI.NET.Repository\RTARepository.csproj", "{4FBF82A8-6EF2-49B8-B8EF-B9605A212376}"
EndProject
Project("{FAE04EC0-301F-11D3-BF4B-00C04F79EFBC}") = "RTARepository.Fake4Tests", "RTARepository.Fake4Tests\RTARepository.Fake4Tests.csproj", "{2F241FF1-2233-414F-AD54-8AACE9078598}"
EndProject
Project("{2150E333-8FDC-42A3-9474-1A3956D46DE8}") = "RTARepository.Fake", "RTARepository.Fake", "{7FCE52A6-697D-4C9F-8C9E-BDE614A3BAC4}"
EndProject
Project("{FAE04EC0-301F-11D3-BF4B-00C04F79EFBC}") = "RTARepository.Fake.Test", "RTARepository.Fake4Tests\RTARepository.Fake.Test\RTARepository.Fake.Test.csproj", "{1F04BA9A-9B79-4233-99CE-3AF7C5D07616}"
EndProject
Project("{2150E333-8FDC-42A3-9474-1A3956D46DE8}") = "RTARepository", "RTARepository", "{7C1D513C-CED9-47D4-B717-3C8E99172D5D}"
EndProject
Project("{2150E333-8FDC-42A3-9474-1A3956D46DE8}") = "RTARepository.Web", "RTARepository.Web", "{61C113D3-A525-4422-9D73-B8B30B3F9443}"
EndProject
Project("{FAE04EC0-301F-11D3-BF4B-00C04F79EFBC}") = "RTARepository.Web.Test", "RTARepository.Web.Test\RTARepository.Web.Test.csproj", "{6D915A75-853B-4F57-A82D-E70F3521EC55}"
EndProject
Project("{FAE04EC0-301F-11D3-BF4B-00C04F79EFBC}") = "RTARepository.Web", "RTARepository.Web.Test\RTARepository.Web\RTARepository.Web.csproj", "{593638AB-A818-469D-8589-47133D26EBD5}"
EndProject
Global
	GlobalSection(SolutionConfigurationPlatforms) = preSolution
		Debug|Any CPU = Debug|Any CPU
		Release|Any CPU = Release|Any CPU
	EndGlobalSection
	GlobalSection(ProjectConfigurationPlatforms) = postSolution
		{82905B5F-1080-4A5A-BAC7-02C4165AA836}.Debug|Any CPU.ActiveCfg = Debug|Any CPU
		{82905B5F-1080-4A5A-BAC7-02C4165AA836}.Debug|Any CPU.Build.0 = Debug|Any CPU
		{82905B5F-1080-4A5A-BAC7-02C4165AA836}.Release|Any CPU.ActiveCfg = Release|Any CPU
		{82905B5F-1080-4A5A-BAC7-02C4165AA836}.Release|Any CPU.Build.0 = Release|Any CPU
		{4FBF82A8-6EF2-49B8-B8EF-B9605A212376}.Debug|Any CPU.ActiveCfg = Debug|Any CPU
		{4FBF82A8-6EF2-49B8-B8EF-B9605A212376}.Debug|Any CPU.Build.0 = Debug|Any CPU
		{4FBF82A8-6EF2-49B8-B8EF-B9605A212376}.Release|Any CPU.ActiveCfg = Release|Any CPU
		{4FBF82A8-6EF2-49B8-B8EF-B9605A212376}.Release|Any CPU.Build.0 = Release|Any CPU
		{2F241FF1-2233-414F-AD54-8AACE9078598}.Debug|Any CPU.ActiveCfg = Debug|Any CPU
		{2F241FF1-2233-414F-AD54-8AACE9078598}.Debug|Any CPU.Build.0 = Debug|Any CPU
		{2F241FF1-2233-414F-AD54-8AACE9078598}.Release|Any CPU.ActiveCfg = Release|Any CPU
		{2F241FF1-2233-414F-AD54-8AACE9078598}.Release|Any CPU.Build.0 = Release|Any CPU
		{1F04BA9A-9B79-4233-99CE-3AF7C5D07616}.Debug|Any CPU.ActiveCfg = Debug|Any CPU
		{1F04BA9A-9B79-4233-99CE-3AF7C5D07616}.Debug|Any CPU.Build.0 = Debug|Any CPU
		{1F04BA9A-9B79-4233-99CE-3AF7C5D07616}.Release|Any CPU.ActiveCfg = Release|Any CPU
		{1F04BA9A-9B79-4233-99CE-3AF7C5D07616}.Release|Any CPU.Build.0 = Release|Any CPU
		{6D915A75-853B-4F57-A82D-E70F3521EC55}.Debug|Any CPU.ActiveCfg = Debug|Any CPU
		{6D915A75-853B-4F57-A82D-E70F3521EC55}.Debug|Any CPU.Build.0 = Debug|Any CPU
		{6D915A75-853B-4F57-A82D-E70F3521EC55}.Release|Any CPU.ActiveCfg = Release|Any CPU
		{6D915A75-853B-4F57-A82D-E70F3521EC55}.Release|Any CPU.Build.0 = Release|Any CPU
		{593638AB-A818-469D-8589-47133D26EBD5}.Debug|Any CPU.ActiveCfg = Debug|Any CPU
		{593638AB-A818-469D-8589-47133D26EBD5}.Debug|Any CPU.Build.0 = Debug|Any CPU
		{593638AB-A818-469D-8589-47133D26EBD5}.Release|Any CPU.ActiveCfg = Release|Any CPU
		{593638AB-A818-469D-8589-47133D26EBD5}.Release|Any CPU.Build.0 = Release|Any CPU
	EndGlobalSection
	GlobalSection(NestedProjects) = preSolution
		{2F241FF1-2233-414F-AD54-8AACE9078598} = {7FCE52A6-697D-4C9F-8C9E-BDE614A3BAC4}
		{1F04BA9A-9B79-4233-99CE-3AF7C5D07616} = {7FCE52A6-697D-4C9F-8C9E-BDE614A3BAC4}
		{4FBF82A8-6EF2-49B8-B8EF-B9605A212376} = {7C1D513C-CED9-47D4-B717-3C8E99172D5D}
		{82905B5F-1080-4A5A-BAC7-02C4165AA836} = {7C1D513C-CED9-47D4-B717-3C8E99172D5D}
		{6D915A75-853B-4F57-A82D-E70F3521EC55} = {61C113D3-A525-4422-9D73-B8B30B3F9443}
		{593638AB-A818-469D-8589-47133D26EBD5} = {61C113D3-A525-4422-9D73-B8B30B3F9443}
	EndGlobalSection
EndGlobal
