
Microsoft Visual Studio Solution File, Format Version 12.00
# Visual Studio 2012
Project("{2150E333-8FDC-42A3-9474-1A3956D46DE8}") = "RTARepository", "RTARepository", "{83AEE542-F19C-45A6-8DB7-1CEE2226BEBA}"
EndProject
Project("{FAE04EC0-301F-11D3-BF4B-00C04F79EFBC}") = "RTARepository", "RTARepository\RTARepository\RTARepository.csproj", "{4FBF82A8-6EF2-49B8-B8EF-B9605A212376}"
EndProject
Project("{FAE04EC0-301F-11D3-BF4B-00C04F79EFBC}") = "RTARepository.Test", "RTARepository\RTARepository.Test\RTARepository.Test.csproj", "{8C43910F-6F73-409C-91EB-E20EB67D6CF3}"
EndProject
Project("{2150E333-8FDC-42A3-9474-1A3956D46DE8}") = "RTARepository.Fake", "RTARepository.Fake", "{E3F3B61E-8116-4C21-9350-0836A99431D1}"
EndProject
Project("{FAE04EC0-301F-11D3-BF4B-00C04F79EFBC}") = "RTARepository.Fake4Tests", "RTARepository.Fake\RTARepository.Fake4Tests\RTARepository.Fake4Tests.csproj", "{2F241FF1-2233-414F-AD54-8AACE9078598}"
EndProject
Project("{FAE04EC0-301F-11D3-BF4B-00C04F79EFBC}") = "RTARepository.Fake.Test", "RTARepository.Fake\RTARepository.Fake.Test\RTARepository.Fake.Test.csproj", "{1F04BA9A-9B79-4233-99CE-3AF7C5D07616}"
EndProject
Project("{2150E333-8FDC-42A3-9474-1A3956D46DE8}") = "RTARepository.Web", "RTARepository.Web", "{DB52D7F9-E376-4A66-8E06-ED4020B3A2B6}"
EndProject
Project("{FAE04EC0-301F-11D3-BF4B-00C04F79EFBC}") = "RTARepository.Web.Test", "RTARepository.Web\RTARepository.Web.Test\RTARepository.Web.Test.csproj", "{6D915A75-853B-4F57-A82D-E70F3521EC55}"
EndProject
Project("{FAE04EC0-301F-11D3-BF4B-00C04F79EFBC}") = "RTARepository.Web", "RTARepository.Web\RTARepository.Web\RTARepository.Web.csproj", "{593638AB-A818-469D-8589-47133D26EBD5}"
EndProject
Project("{2150E333-8FDC-42A3-9474-1A3956D46DE8}") = "RTARepositoryRequest", "RTARepositoryRequest", "{0B979262-AA0F-4264-BA31-2D79336C2331}"
EndProject
Project("{FAE04EC0-301F-11D3-BF4B-00C04F79EFBC}") = "RTARepoRequest.Test", "RTARepositoryRequest\RTARepoRequest.Test\RTARepoRequest.Test.csproj", "{B9C22D39-1723-44E4-B4DB-0D8191B6CDC8}"
EndProject
Project("{FAE04EC0-301F-11D3-BF4B-00C04F79EFBC}") = "RTARepositoryRequest", "RTARepositoryRequest\RTARepositoryRequest\RTARepositoryRequest.csproj", "{BF97B22E-AB7A-4A42-813B-BB969B8A6046}"
EndProject
Project("{2150E333-8FDC-42A3-9474-1A3956D46DE8}") = "RTARepositoryRequest.Fake", "RTARepositoryRequest.Fake", "{DDBF655C-9F3C-40D5-9045-B3D79A9DB50A}"
EndProject
Project("{FAE04EC0-301F-11D3-BF4B-00C04F79EFBC}") = "RTARepositoryRequest.Fake", "RTARepositoryRequest.Fake\RTARepositoryRequest.Fake\RTARepositoryRequest.Fake.csproj", "{49BCD03B-F0A1-48AE-888E-F04FFA097D78}"
EndProject
Project("{FAE04EC0-301F-11D3-BF4B-00C04F79EFBC}") = "RTARepositoryRequest.Fake.Test", "RTARepositoryRequest.Fake\RTARepositoryRequest.Fake.Test\RTARepositoryRequest.Fake.Test.csproj", "{D3C5FB24-62D1-422C-BB83-EE11AE3F1712}"
EndProject
Global
	GlobalSection(SolutionConfigurationPlatforms) = preSolution
		Debug|Any CPU = Debug|Any CPU
		Release|Any CPU = Release|Any CPU
	EndGlobalSection
	GlobalSection(ProjectConfigurationPlatforms) = postSolution
		{1F04BA9A-9B79-4233-99CE-3AF7C5D07616}.Debug|Any CPU.ActiveCfg = Debug|Any CPU
		{1F04BA9A-9B79-4233-99CE-3AF7C5D07616}.Debug|Any CPU.Build.0 = Debug|Any CPU
		{1F04BA9A-9B79-4233-99CE-3AF7C5D07616}.Release|Any CPU.ActiveCfg = Release|Any CPU
		{1F04BA9A-9B79-4233-99CE-3AF7C5D07616}.Release|Any CPU.Build.0 = Release|Any CPU
		{2F241FF1-2233-414F-AD54-8AACE9078598}.Debug|Any CPU.ActiveCfg = Debug|Any CPU
		{2F241FF1-2233-414F-AD54-8AACE9078598}.Debug|Any CPU.Build.0 = Debug|Any CPU
		{2F241FF1-2233-414F-AD54-8AACE9078598}.Release|Any CPU.ActiveCfg = Release|Any CPU
		{2F241FF1-2233-414F-AD54-8AACE9078598}.Release|Any CPU.Build.0 = Release|Any CPU
		{49BCD03B-F0A1-48AE-888E-F04FFA097D78}.Debug|Any CPU.ActiveCfg = Debug|Any CPU
		{49BCD03B-F0A1-48AE-888E-F04FFA097D78}.Debug|Any CPU.Build.0 = Debug|Any CPU
		{49BCD03B-F0A1-48AE-888E-F04FFA097D78}.Release|Any CPU.ActiveCfg = Release|Any CPU
		{49BCD03B-F0A1-48AE-888E-F04FFA097D78}.Release|Any CPU.Build.0 = Release|Any CPU
		{4FBF82A8-6EF2-49B8-B8EF-B9605A212376}.Debug|Any CPU.ActiveCfg = Debug|Any CPU
		{4FBF82A8-6EF2-49B8-B8EF-B9605A212376}.Debug|Any CPU.Build.0 = Debug|Any CPU
		{4FBF82A8-6EF2-49B8-B8EF-B9605A212376}.Release|Any CPU.ActiveCfg = Release|Any CPU
		{4FBF82A8-6EF2-49B8-B8EF-B9605A212376}.Release|Any CPU.Build.0 = Release|Any CPU
		{593638AB-A818-469D-8589-47133D26EBD5}.Debug|Any CPU.ActiveCfg = Debug|Any CPU
		{593638AB-A818-469D-8589-47133D26EBD5}.Debug|Any CPU.Build.0 = Debug|Any CPU
		{593638AB-A818-469D-8589-47133D26EBD5}.Release|Any CPU.ActiveCfg = Release|Any CPU
		{593638AB-A818-469D-8589-47133D26EBD5}.Release|Any CPU.Build.0 = Release|Any CPU
		{6D915A75-853B-4F57-A82D-E70F3521EC55}.Debug|Any CPU.ActiveCfg = Debug|Any CPU
		{6D915A75-853B-4F57-A82D-E70F3521EC55}.Debug|Any CPU.Build.0 = Debug|Any CPU
		{6D915A75-853B-4F57-A82D-E70F3521EC55}.Release|Any CPU.ActiveCfg = Release|Any CPU
		{6D915A75-853B-4F57-A82D-E70F3521EC55}.Release|Any CPU.Build.0 = Release|Any CPU
		{8C43910F-6F73-409C-91EB-E20EB67D6CF3}.Debug|Any CPU.ActiveCfg = Debug|Any CPU
		{8C43910F-6F73-409C-91EB-E20EB67D6CF3}.Debug|Any CPU.Build.0 = Debug|Any CPU
		{8C43910F-6F73-409C-91EB-E20EB67D6CF3}.Release|Any CPU.ActiveCfg = Release|Any CPU
		{8C43910F-6F73-409C-91EB-E20EB67D6CF3}.Release|Any CPU.Build.0 = Release|Any CPU
		{B9C22D39-1723-44E4-B4DB-0D8191B6CDC8}.Debug|Any CPU.ActiveCfg = Debug|Any CPU
		{B9C22D39-1723-44E4-B4DB-0D8191B6CDC8}.Debug|Any CPU.Build.0 = Debug|Any CPU
		{B9C22D39-1723-44E4-B4DB-0D8191B6CDC8}.Release|Any CPU.ActiveCfg = Release|Any CPU
		{B9C22D39-1723-44E4-B4DB-0D8191B6CDC8}.Release|Any CPU.Build.0 = Release|Any CPU
		{BF97B22E-AB7A-4A42-813B-BB969B8A6046}.Debug|Any CPU.ActiveCfg = Debug|Any CPU
		{BF97B22E-AB7A-4A42-813B-BB969B8A6046}.Debug|Any CPU.Build.0 = Debug|Any CPU
		{BF97B22E-AB7A-4A42-813B-BB969B8A6046}.Release|Any CPU.ActiveCfg = Release|Any CPU
		{BF97B22E-AB7A-4A42-813B-BB969B8A6046}.Release|Any CPU.Build.0 = Release|Any CPU
		{D3C5FB24-62D1-422C-BB83-EE11AE3F1712}.Debug|Any CPU.ActiveCfg = Debug|Any CPU
		{D3C5FB24-62D1-422C-BB83-EE11AE3F1712}.Debug|Any CPU.Build.0 = Debug|Any CPU
		{D3C5FB24-62D1-422C-BB83-EE11AE3F1712}.Release|Any CPU.ActiveCfg = Release|Any CPU
		{D3C5FB24-62D1-422C-BB83-EE11AE3F1712}.Release|Any CPU.Build.0 = Release|Any CPU
	EndGlobalSection
	GlobalSection(NestedProjects) = preSolution
		{4FBF82A8-6EF2-49B8-B8EF-B9605A212376} = {83AEE542-F19C-45A6-8DB7-1CEE2226BEBA}
		{8C43910F-6F73-409C-91EB-E20EB67D6CF3} = {83AEE542-F19C-45A6-8DB7-1CEE2226BEBA}
		{2F241FF1-2233-414F-AD54-8AACE9078598} = {E3F3B61E-8116-4C21-9350-0836A99431D1}
		{1F04BA9A-9B79-4233-99CE-3AF7C5D07616} = {E3F3B61E-8116-4C21-9350-0836A99431D1}
		{6D915A75-853B-4F57-A82D-E70F3521EC55} = {DB52D7F9-E376-4A66-8E06-ED4020B3A2B6}
		{593638AB-A818-469D-8589-47133D26EBD5} = {DB52D7F9-E376-4A66-8E06-ED4020B3A2B6}
		{B9C22D39-1723-44E4-B4DB-0D8191B6CDC8} = {0B979262-AA0F-4264-BA31-2D79336C2331}
		{BF97B22E-AB7A-4A42-813B-BB969B8A6046} = {0B979262-AA0F-4264-BA31-2D79336C2331}
		{49BCD03B-F0A1-48AE-888E-F04FFA097D78} = {DDBF655C-9F3C-40D5-9045-B3D79A9DB50A}
		{D3C5FB24-62D1-422C-BB83-EE11AE3F1712} = {DDBF655C-9F3C-40D5-9045-B3D79A9DB50A}
	EndGlobalSection
EndGlobal
